
Microsoft Visual Studio Solution File, Format Version 12.00
# Visual Studio Version 17
VisualStudioVersion = 17.7.34024.191
MinimumVisualStudioVersion = 10.0.40219.1
Project("{FAE04EC0-301F-11D3-BF4B-00C04F79EFBC}") = "switch_statements", "switch_statements\switch_statements.csproj", "{0F25EE61-E4DD-4D21-98E3-178E688887B8}"
EndProject
Global
	GlobalSection(SolutionConfigurationPlatforms) = preSolution
		Debug|Any CPU = Debug|Any CPU
		Release|Any CPU = Release|Any CPU
	EndGlobalSection
	GlobalSection(ProjectConfigurationPlatforms) = postSolution
		{0F25EE61-E4DD-4D21-98E3-178E688887B8}.Debug|Any CPU.ActiveCfg = Debug|Any CPU
		{0F25EE61-E4DD-4D21-98E3-178E688887B8}.Debug|Any CPU.Build.0 = Debug|Any CPU
		{0F25EE61-E4DD-4D21-98E3-178E688887B8}.Release|Any CPU.ActiveCfg = Release|Any CPU
		{0F25EE61-E4DD-4D21-98E3-178E688887B8}.Release|Any CPU.Build.0 = Release|Any CPU
	EndGlobalSection
	GlobalSection(SolutionProperties) = preSolution
		HideSolutionNode = FALSE
	EndGlobalSection
	GlobalSection(ExtensibilityGlobals) = postSolution
		SolutionGuid = {EA31E22B-D231-4EAB-9D54-FD6E6FF4360F}
	EndGlobalSection
EndGlobal
