
Microsoft Visual Studio Solution File, Format Version 12.00
# Visual Studio Version 17
VisualStudioVersion = 17.7.34024.191
MinimumVisualStudioVersion = 10.0.40219.1
Project("{FAE04EC0-301F-11D3-BF4B-00C04F79EFBC}") = "Itsabomb,0-10", "Itsabomb,0-10\Itsabomb,0-10.csproj", "{DB0CD120-9302-446B-9D71-D06B49D4A586}"
EndProject
Global
	GlobalSection(SolutionConfigurationPlatforms) = preSolution
		Debug|Any CPU = Debug|Any CPU
		Release|Any CPU = Release|Any CPU
	EndGlobalSection
	GlobalSection(ProjectConfigurationPlatforms) = postSolution
		{DB0CD120-9302-446B-9D71-D06B49D4A586}.Debug|Any CPU.ActiveCfg = Debug|Any CPU
		{DB0CD120-9302-446B-9D71-D06B49D4A586}.Debug|Any CPU.Build.0 = Debug|Any CPU
		{DB0CD120-9302-446B-9D71-D06B49D4A586}.Release|Any CPU.ActiveCfg = Release|Any CPU
		{DB0CD120-9302-446B-9D71-D06B49D4A586}.Release|Any CPU.Build.0 = Release|Any CPU
	EndGlobalSection
	GlobalSection(SolutionProperties) = preSolution
		HideSolutionNode = FALSE
	EndGlobalSection
	GlobalSection(ExtensibilityGlobals) = postSolution
		SolutionGuid = {C03977E6-982F-4737-9A10-4A7AAC540ACA}
	EndGlobalSection
EndGlobal
