
Microsoft Visual Studio Solution File, Format Version 12.00
# Visual Studio Version 17
VisualStudioVersion = 17.7.34024.191
MinimumVisualStudioVersion = 10.0.40219.1
Project("{FAE04EC0-301F-11D3-BF4B-00C04F79EFBC}") = "reversing_words", "reversing_words\reversing_words.csproj", "{44CA2C54-4894-42AA-A2EB-1230477B2487}"
EndProject
Global
	GlobalSection(SolutionConfigurationPlatforms) = preSolution
		Debug|Any CPU = Debug|Any CPU
		Release|Any CPU = Release|Any CPU
	EndGlobalSection
	GlobalSection(ProjectConfigurationPlatforms) = postSolution
		{44CA2C54-4894-42AA-A2EB-1230477B2487}.Debug|Any CPU.ActiveCfg = Debug|Any CPU
		{44CA2C54-4894-42AA-A2EB-1230477B2487}.Debug|Any CPU.Build.0 = Debug|Any CPU
		{44CA2C54-4894-42AA-A2EB-1230477B2487}.Release|Any CPU.ActiveCfg = Release|Any CPU
		{44CA2C54-4894-42AA-A2EB-1230477B2487}.Release|Any CPU.Build.0 = Release|Any CPU
	EndGlobalSection
	GlobalSection(SolutionProperties) = preSolution
		HideSolutionNode = FALSE
	EndGlobalSection
	GlobalSection(ExtensibilityGlobals) = postSolution
		SolutionGuid = {7104354B-5046-4F44-8370-CDDFB91FB608}
	EndGlobalSection
EndGlobal
